
Microsoft Visual Studio Solution File, Format Version 12.00
Project("{FAE04EC0-301F-11D3-BF4B-00C04F79EFBC}") = "CourseWork.BLL", "CourseWork.BLL\CourseWork.BLL.csproj", "{998C4E48-0C7B-4281-A978-7B1BE411084C}"
EndProject
Project("{FAE04EC0-301F-11D3-BF4B-00C04F79EFBC}") = "CourseWork.PL", "CourseWork.PL\CourseWork.PL.csproj", "{088B1163-7D72-4302-861B-BF4A2A1E2543}"
EndProject
Project("{FAE04EC0-301F-11D3-BF4B-00C04F79EFBC}") = "CourseWorkDAL", "CourseWorkDAL\CourseWorkDAL.csproj", "{B6406AE1-453B-4F3D-B0DF-6A5EAE1B5A20}"
EndProject
Project("{FAE04EC0-301F-11D3-BF4B-00C04F79EFBC}") = "ConsoleApp", "ConsoleApp\ConsoleApp.csproj", "{4F683319-1A67-43CE-B0C1-8B0E4FF01D3C}"
EndProject
Global
	GlobalSection(SolutionConfigurationPlatforms) = preSolution
		Debug|Any CPU = Debug|Any CPU
		Release|Any CPU = Release|Any CPU
	EndGlobalSection
	GlobalSection(ProjectConfigurationPlatforms) = postSolution
		{998C4E48-0C7B-4281-A978-7B1BE411084C}.Debug|Any CPU.ActiveCfg = Debug|Any CPU
		{998C4E48-0C7B-4281-A978-7B1BE411084C}.Debug|Any CPU.Build.0 = Debug|Any CPU
		{998C4E48-0C7B-4281-A978-7B1BE411084C}.Release|Any CPU.ActiveCfg = Release|Any CPU
		{998C4E48-0C7B-4281-A978-7B1BE411084C}.Release|Any CPU.Build.0 = Release|Any CPU
		{088B1163-7D72-4302-861B-BF4A2A1E2543}.Debug|Any CPU.ActiveCfg = Debug|Any CPU
		{088B1163-7D72-4302-861B-BF4A2A1E2543}.Debug|Any CPU.Build.0 = Debug|Any CPU
		{088B1163-7D72-4302-861B-BF4A2A1E2543}.Release|Any CPU.ActiveCfg = Release|Any CPU
		{088B1163-7D72-4302-861B-BF4A2A1E2543}.Release|Any CPU.Build.0 = Release|Any CPU
		{B6406AE1-453B-4F3D-B0DF-6A5EAE1B5A20}.Debug|Any CPU.ActiveCfg = Debug|Any CPU
		{B6406AE1-453B-4F3D-B0DF-6A5EAE1B5A20}.Debug|Any CPU.Build.0 = Debug|Any CPU
		{B6406AE1-453B-4F3D-B0DF-6A5EAE1B5A20}.Release|Any CPU.ActiveCfg = Release|Any CPU
		{B6406AE1-453B-4F3D-B0DF-6A5EAE1B5A20}.Release|Any CPU.Build.0 = Release|Any CPU
		{4F683319-1A67-43CE-B0C1-8B0E4FF01D3C}.Debug|Any CPU.ActiveCfg = Debug|Any CPU
		{4F683319-1A67-43CE-B0C1-8B0E4FF01D3C}.Debug|Any CPU.Build.0 = Debug|Any CPU
		{4F683319-1A67-43CE-B0C1-8B0E4FF01D3C}.Release|Any CPU.ActiveCfg = Release|Any CPU
		{4F683319-1A67-43CE-B0C1-8B0E4FF01D3C}.Release|Any CPU.Build.0 = Release|Any CPU
	EndGlobalSection
EndGlobal
